
Microsoft Visual Studio Solution File, Format Version 12.00
# Visual Studio 15
VisualStudioVersion = 15.0.28307.489
MinimumVisualStudioVersion = 10.0.40219.1
Project("{FAE04EC0-301F-11D3-BF4B-00C04F79EFBC}") = "GHOTtoGH3", "GHOTtoGH3\GHOTtoGH3.csproj", "{5ACBA9F4-D65B-4402-86CD-55BFF6FD4942}"
EndProject
Global
	GlobalSection(SolutionConfigurationPlatforms) = preSolution
		Debug|Any CPU = Debug|Any CPU
		Release|Any CPU = Release|Any CPU
	EndGlobalSection
	GlobalSection(ProjectConfigurationPlatforms) = postSolution
		{5ACBA9F4-D65B-4402-86CD-55BFF6FD4942}.Debug|Any CPU.ActiveCfg = Debug|Any CPU
		{5ACBA9F4-D65B-4402-86CD-55BFF6FD4942}.Debug|Any CPU.Build.0 = Debug|Any CPU
		{5ACBA9F4-D65B-4402-86CD-55BFF6FD4942}.Release|Any CPU.ActiveCfg = Release|Any CPU
		{5ACBA9F4-D65B-4402-86CD-55BFF6FD4942}.Release|Any CPU.Build.0 = Release|Any CPU
	EndGlobalSection
	GlobalSection(SolutionProperties) = preSolution
		HideSolutionNode = FALSE
	EndGlobalSection
	GlobalSection(ExtensibilityGlobals) = postSolution
		SolutionGuid = {F43CDBC5-1317-4943-AB10-55471387D443}
	EndGlobalSection
EndGlobal
